
Microsoft Visual Studio Solution File, Format Version 9.00
# Visual Studio 2005
Project("{FAE04EC0-301F-11D3-BF4B-00C04F79EFBC}") = "meukow", "meukow\meukow.csproj", "{005A3FCA-A60E-4986-AF85-9A6C4DBA7B2A}"
EndProject
Global
	GlobalSection(SolutionConfigurationPlatforms) = preSolution
		Debug|Any CPU = Debug|Any CPU
		Release|Any CPU = Release|Any CPU
	EndGlobalSection
	GlobalSection(ProjectConfigurationPlatforms) = postSolution
		{005A3FCA-A60E-4986-AF85-9A6C4DBA7B2A}.Debug|Any CPU.ActiveCfg = Debug|Any CPU
		{005A3FCA-A60E-4986-AF85-9A6C4DBA7B2A}.Debug|Any CPU.Build.0 = Debug|Any CPU
		{005A3FCA-A60E-4986-AF85-9A6C4DBA7B2A}.Release|Any CPU.ActiveCfg = Release|Any CPU
		{005A3FCA-A60E-4986-AF85-9A6C4DBA7B2A}.Release|Any CPU.Build.0 = Release|Any CPU
	EndGlobalSection
	GlobalSection(SolutionProperties) = preSolution
		HideSolutionNode = FALSE
	EndGlobalSection
EndGlobal
